
Microsoft Visual Studio Solution File, Format Version 10.00
# Visual Studio 2008
Project("{FAE04EC0-301F-11D3-BF4B-00C04F79EFBC}") = "Projekt_UDT_aplikacja", "Projekt_UDT_aplikacja\Projekt_UDT_aplikacja.csproj", "{3A05CFD2-5D2C-4C6D-8496-2A4044B3E1F1}"
EndProject
Project("{2150E333-8FDC-42A3-9474-1A3956D46DE8}") = "Solution Items", "Solution Items", "{D84F3555-890D-46B2-A2CB-C0C1380C449A}"
	ProjectSection(SolutionItems) = preProject
		LocalTestRun.testrunconfig = LocalTestRun.testrunconfig
		Projekt_UDT_aplikacja.vsmdi = Projekt_UDT_aplikacja.vsmdi
	EndProjectSection
EndProject
Project("{FAE04EC0-301F-11D3-BF4B-00C04F79EFBC}") = "Test_UDT", "Test_UDT\Test_UDT.csproj", "{6FB92336-C04D-4CFD-B94E-9EBA9A1C5913}"
EndProject
Global
	GlobalSection(TestCaseManagementSettings) = postSolution
		CategoryFile = Projekt_UDT_aplikacja.vsmdi
	EndGlobalSection
	GlobalSection(SolutionConfigurationPlatforms) = preSolution
		Debug|Any CPU = Debug|Any CPU
		Debug|Mixed Platforms = Debug|Mixed Platforms
		Debug|Win32 = Debug|Win32
		Release|Any CPU = Release|Any CPU
		Release|Mixed Platforms = Release|Mixed Platforms
		Release|Win32 = Release|Win32
	EndGlobalSection
	GlobalSection(ProjectConfigurationPlatforms) = postSolution
		{3A05CFD2-5D2C-4C6D-8496-2A4044B3E1F1}.Debug|Any CPU.ActiveCfg = Debug|Any CPU
		{3A05CFD2-5D2C-4C6D-8496-2A4044B3E1F1}.Debug|Any CPU.Build.0 = Debug|Any CPU
		{3A05CFD2-5D2C-4C6D-8496-2A4044B3E1F1}.Debug|Mixed Platforms.ActiveCfg = Debug|Any CPU
		{3A05CFD2-5D2C-4C6D-8496-2A4044B3E1F1}.Debug|Mixed Platforms.Build.0 = Debug|Any CPU
		{3A05CFD2-5D2C-4C6D-8496-2A4044B3E1F1}.Debug|Win32.ActiveCfg = Debug|Any CPU
		{3A05CFD2-5D2C-4C6D-8496-2A4044B3E1F1}.Release|Any CPU.ActiveCfg = Release|Any CPU
		{3A05CFD2-5D2C-4C6D-8496-2A4044B3E1F1}.Release|Any CPU.Build.0 = Release|Any CPU
		{3A05CFD2-5D2C-4C6D-8496-2A4044B3E1F1}.Release|Mixed Platforms.ActiveCfg = Release|Any CPU
		{3A05CFD2-5D2C-4C6D-8496-2A4044B3E1F1}.Release|Mixed Platforms.Build.0 = Release|Any CPU
		{3A05CFD2-5D2C-4C6D-8496-2A4044B3E1F1}.Release|Win32.ActiveCfg = Release|Any CPU
		{6FB92336-C04D-4CFD-B94E-9EBA9A1C5913}.Debug|Any CPU.ActiveCfg = Debug|Any CPU
		{6FB92336-C04D-4CFD-B94E-9EBA9A1C5913}.Debug|Any CPU.Build.0 = Debug|Any CPU
		{6FB92336-C04D-4CFD-B94E-9EBA9A1C5913}.Debug|Mixed Platforms.ActiveCfg = Debug|Any CPU
		{6FB92336-C04D-4CFD-B94E-9EBA9A1C5913}.Debug|Mixed Platforms.Build.0 = Debug|Any CPU
		{6FB92336-C04D-4CFD-B94E-9EBA9A1C5913}.Debug|Win32.ActiveCfg = Debug|Any CPU
		{6FB92336-C04D-4CFD-B94E-9EBA9A1C5913}.Release|Any CPU.ActiveCfg = Release|Any CPU
		{6FB92336-C04D-4CFD-B94E-9EBA9A1C5913}.Release|Any CPU.Build.0 = Release|Any CPU
		{6FB92336-C04D-4CFD-B94E-9EBA9A1C5913}.Release|Mixed Platforms.ActiveCfg = Release|Any CPU
		{6FB92336-C04D-4CFD-B94E-9EBA9A1C5913}.Release|Mixed Platforms.Build.0 = Release|Any CPU
		{6FB92336-C04D-4CFD-B94E-9EBA9A1C5913}.Release|Win32.ActiveCfg = Release|Any CPU
	EndGlobalSection
	GlobalSection(SolutionProperties) = preSolution
		HideSolutionNode = FALSE
	EndGlobalSection
EndGlobal
